
Microsoft Visual Studio Solution File, Format Version 12.00
# Visual Studio Version 17
VisualStudioVersion = 17.3.32901.215
MinimumVisualStudioVersion = 10.0.40219.1
Project("{9A19103F-16F7-4668-BE54-9A1E7A4F7556}") = "BookClub", "BookClub\BookClub.csproj", "{AF524AF7-FB2E-4FBD-BE21-FB72E5FEDA7C}"
EndProject
Project("{2150E333-8FDC-42A3-9474-1A3956D46DE8}") = "Solution Items", "Solution Items", "{1F55B1C4-2C60-4307-8098-94DEECEA7CFE}"
EndProject
Global
	GlobalSection(SolutionConfigurationPlatforms) = preSolution
		Debug|Any CPU = Debug|Any CPU
		Debug|x64 = Debug|x64
		Release|Any CPU = Release|Any CPU
		Release|x64 = Release|x64
	EndGlobalSection
	GlobalSection(ProjectConfigurationPlatforms) = postSolution
		{AF524AF7-FB2E-4FBD-BE21-FB72E5FEDA7C}.Debug|Any CPU.ActiveCfg = Debug|Any CPU
		{AF524AF7-FB2E-4FBD-BE21-FB72E5FEDA7C}.Debug|Any CPU.Build.0 = Debug|Any CPU
		{AF524AF7-FB2E-4FBD-BE21-FB72E5FEDA7C}.Debug|x64.ActiveCfg = Debug|x64
		{AF524AF7-FB2E-4FBD-BE21-FB72E5FEDA7C}.Debug|x64.Build.0 = Debug|x64
		{AF524AF7-FB2E-4FBD-BE21-FB72E5FEDA7C}.Release|Any CPU.ActiveCfg = Release|Any CPU
		{AF524AF7-FB2E-4FBD-BE21-FB72E5FEDA7C}.Release|Any CPU.Build.0 = Release|Any CPU
		{AF524AF7-FB2E-4FBD-BE21-FB72E5FEDA7C}.Release|x64.ActiveCfg = Release|x64
		{AF524AF7-FB2E-4FBD-BE21-FB72E5FEDA7C}.Release|x64.Build.0 = Release|x64
	EndGlobalSection
	GlobalSection(SolutionProperties) = preSolution
		HideSolutionNode = FALSE
	EndGlobalSection
	GlobalSection(ExtensibilityGlobals) = postSolution
		SolutionGuid = {3D595BD0-D192-4D38-832A-B0AC8722EF5A}
	EndGlobalSection
EndGlobal
